
Microsoft Visual Studio Solution File, Format Version 12.00
# Visual Studio Version 17
VisualStudioVersion = 17.12.35527.113
MinimumVisualStudioVersion = 10.0.40219.1
Project("{2150E333-8FDC-42A3-9474-1A3956D46DE8}") = "Core", "Core", "{AFB18783-6776-4597-A241-03BDEF66F1A6}"
EndProject
Project("{2150E333-8FDC-42A3-9474-1A3956D46DE8}") = "Frontends", "Frontends", "{5FC900DC-C9E7-4B5D-AA55-98AEC1E29D9C}"
EndProject
Project("{2150E333-8FDC-42A3-9474-1A3956D46DE8}") = "Infrastructure", "Infrastructure", "{4E30915C-8D24-4E45-94F9-B59EBC667840}"
EndProject
Project("{2150E333-8FDC-42A3-9474-1A3956D46DE8}") = "Presentation", "Presentation", "{79C65FE6-4701-4317-9E9C-4A175EE49EC8}"
EndProject
Project("{2150E333-8FDC-42A3-9474-1A3956D46DE8}") = "Requirements", "Requirements", "{EEE8F618-4581-467F-BC38-EC42E2173595}"
EndProject
Project("{FAE04EC0-301F-11D3-BF4B-00C04F79EFBC}") = "MovieApi.Domain", "Core\MovieApi.Domain\MovieApi.Domain.csproj", "{E108909B-DBDC-4671-8842-191E38F1F698}"
EndProject
Project("{FAE04EC0-301F-11D3-BF4B-00C04F79EFBC}") = "MovieApi.Persistence", "Infrastructure\MovieApi.Persistence\MovieApi.Persistence.csproj", "{667F6B4C-F452-482A-8505-94B073DA01C6}"
EndProject
Project("{FAE04EC0-301F-11D3-BF4B-00C04F79EFBC}") = "MovieApi.WebApi", "Presentation\MovieApi.WebApi\MovieApi.WebApi.csproj", "{5928B43C-2B8B-4C9B-B218-5DB63FEDE6FA}"
EndProject
Project("{FAE04EC0-301F-11D3-BF4B-00C04F79EFBC}") = "MovieApi.Application", "Core\MovieApi.Application\MovieApi.Application.csproj", "{3604C503-3D2C-40D9-8A56-9A7C8C5E6A99}"
EndProject
Project("{FAE04EC0-301F-11D3-BF4B-00C04F79EFBC}") = "MovieApi.WebUI", "Frontends\MovieApi.WebUI\MovieApi.WebUI.csproj", "{ADF8A0DE-24B0-4666-8861-7B8ABAC35A32}"
EndProject
Project("{FAE04EC0-301F-11D3-BF4B-00C04F79EFBC}") = "MovieApi.Dto", "Frontends\MovieApi.Dto\MovieApi.Dto.csproj", "{461A8199-05FF-4F7F-8B3A-6DE70D928817}"
EndProject
Global
	GlobalSection(SolutionConfigurationPlatforms) = preSolution
		Debug|Any CPU = Debug|Any CPU
		Release|Any CPU = Release|Any CPU
	EndGlobalSection
	GlobalSection(ProjectConfigurationPlatforms) = postSolution
		{E108909B-DBDC-4671-8842-191E38F1F698}.Debug|Any CPU.ActiveCfg = Debug|Any CPU
		{E108909B-DBDC-4671-8842-191E38F1F698}.Debug|Any CPU.Build.0 = Debug|Any CPU
		{E108909B-DBDC-4671-8842-191E38F1F698}.Release|Any CPU.ActiveCfg = Release|Any CPU
		{E108909B-DBDC-4671-8842-191E38F1F698}.Release|Any CPU.Build.0 = Release|Any CPU
		{667F6B4C-F452-482A-8505-94B073DA01C6}.Debug|Any CPU.ActiveCfg = Debug|Any CPU
		{667F6B4C-F452-482A-8505-94B073DA01C6}.Debug|Any CPU.Build.0 = Debug|Any CPU
		{667F6B4C-F452-482A-8505-94B073DA01C6}.Release|Any CPU.ActiveCfg = Release|Any CPU
		{667F6B4C-F452-482A-8505-94B073DA01C6}.Release|Any CPU.Build.0 = Release|Any CPU
		{5928B43C-2B8B-4C9B-B218-5DB63FEDE6FA}.Debug|Any CPU.ActiveCfg = Debug|Any CPU
		{5928B43C-2B8B-4C9B-B218-5DB63FEDE6FA}.Debug|Any CPU.Build.0 = Debug|Any CPU
		{5928B43C-2B8B-4C9B-B218-5DB63FEDE6FA}.Release|Any CPU.ActiveCfg = Release|Any CPU
		{5928B43C-2B8B-4C9B-B218-5DB63FEDE6FA}.Release|Any CPU.Build.0 = Release|Any CPU
		{3604C503-3D2C-40D9-8A56-9A7C8C5E6A99}.Debug|Any CPU.ActiveCfg = Debug|Any CPU
		{3604C503-3D2C-40D9-8A56-9A7C8C5E6A99}.Debug|Any CPU.Build.0 = Debug|Any CPU
		{3604C503-3D2C-40D9-8A56-9A7C8C5E6A99}.Release|Any CPU.ActiveCfg = Release|Any CPU
		{3604C503-3D2C-40D9-8A56-9A7C8C5E6A99}.Release|Any CPU.Build.0 = Release|Any CPU
		{ADF8A0DE-24B0-4666-8861-7B8ABAC35A32}.Debug|Any CPU.ActiveCfg = Debug|Any CPU
		{ADF8A0DE-24B0-4666-8861-7B8ABAC35A32}.Debug|Any CPU.Build.0 = Debug|Any CPU
		{ADF8A0DE-24B0-4666-8861-7B8ABAC35A32}.Release|Any CPU.ActiveCfg = Release|Any CPU
		{ADF8A0DE-24B0-4666-8861-7B8ABAC35A32}.Release|Any CPU.Build.0 = Release|Any CPU
		{461A8199-05FF-4F7F-8B3A-6DE70D928817}.Debug|Any CPU.ActiveCfg = Debug|Any CPU
		{461A8199-05FF-4F7F-8B3A-6DE70D928817}.Debug|Any CPU.Build.0 = Debug|Any CPU
		{461A8199-05FF-4F7F-8B3A-6DE70D928817}.Release|Any CPU.ActiveCfg = Release|Any CPU
		{461A8199-05FF-4F7F-8B3A-6DE70D928817}.Release|Any CPU.Build.0 = Release|Any CPU
	EndGlobalSection
	GlobalSection(SolutionProperties) = preSolution
		HideSolutionNode = FALSE
	EndGlobalSection
	GlobalSection(NestedProjects) = preSolution
		{E108909B-DBDC-4671-8842-191E38F1F698} = {AFB18783-6776-4597-A241-03BDEF66F1A6}
		{667F6B4C-F452-482A-8505-94B073DA01C6} = {4E30915C-8D24-4E45-94F9-B59EBC667840}
		{5928B43C-2B8B-4C9B-B218-5DB63FEDE6FA} = {79C65FE6-4701-4317-9E9C-4A175EE49EC8}
		{3604C503-3D2C-40D9-8A56-9A7C8C5E6A99} = {AFB18783-6776-4597-A241-03BDEF66F1A6}
		{ADF8A0DE-24B0-4666-8861-7B8ABAC35A32} = {5FC900DC-C9E7-4B5D-AA55-98AEC1E29D9C}
		{461A8199-05FF-4F7F-8B3A-6DE70D928817} = {5FC900DC-C9E7-4B5D-AA55-98AEC1E29D9C}
	EndGlobalSection
EndGlobal
